
Microsoft Visual Studio Solution File, Format Version 12.00
# Visual Studio 15
VisualStudioVersion = 15.0.27428.2043
MinimumVisualStudioVersion = 10.0.40219.1
Project("{FAE04EC0-301F-11D3-BF4B-00C04F79EFBC}") = "Rundown.Web", "Rundown.Web\Rundown.Web.csproj", "{C1CEA748-EABF-4006-B99E-741B7E7BDC08}"
EndProject
Project("{FAE04EC0-301F-11D3-BF4B-00C04F79EFBC}") = "Rundown.Data", "Rundown.Data\Rundown.Data.csproj", "{A00CB0DD-E6E3-441C-8DD9-E810A8A9C43E}"
EndProject
Project("{FAE04EC0-301F-11D3-BF4B-00C04F79EFBC}") = "Rundown.Models", "Rundown.Models\Rundown.Models.csproj", "{06B89AD4-A9DE-4748-808B-46ADA4E8FB9B}"
EndProject
Project("{FAE04EC0-301F-11D3-BF4B-00C04F79EFBC}") = "Rundown.Core", "Rundown.Core\Rundown.Core.csproj", "{12956979-4F96-4573-AB81-C5C0A7506946}"
EndProject
Global
	GlobalSection(SolutionConfigurationPlatforms) = preSolution
		Debug|Any CPU = Debug|Any CPU
		Release|Any CPU = Release|Any CPU
	EndGlobalSection
	GlobalSection(ProjectConfigurationPlatforms) = postSolution
		{C1CEA748-EABF-4006-B99E-741B7E7BDC08}.Debug|Any CPU.ActiveCfg = Debug|Any CPU
		{C1CEA748-EABF-4006-B99E-741B7E7BDC08}.Debug|Any CPU.Build.0 = Debug|Any CPU
		{C1CEA748-EABF-4006-B99E-741B7E7BDC08}.Release|Any CPU.ActiveCfg = Release|Any CPU
		{C1CEA748-EABF-4006-B99E-741B7E7BDC08}.Release|Any CPU.Build.0 = Release|Any CPU
		{A00CB0DD-E6E3-441C-8DD9-E810A8A9C43E}.Debug|Any CPU.ActiveCfg = Debug|Any CPU
		{A00CB0DD-E6E3-441C-8DD9-E810A8A9C43E}.Debug|Any CPU.Build.0 = Debug|Any CPU
		{A00CB0DD-E6E3-441C-8DD9-E810A8A9C43E}.Release|Any CPU.ActiveCfg = Release|Any CPU
		{A00CB0DD-E6E3-441C-8DD9-E810A8A9C43E}.Release|Any CPU.Build.0 = Release|Any CPU
		{06B89AD4-A9DE-4748-808B-46ADA4E8FB9B}.Debug|Any CPU.ActiveCfg = Debug|Any CPU
		{06B89AD4-A9DE-4748-808B-46ADA4E8FB9B}.Debug|Any CPU.Build.0 = Debug|Any CPU
		{06B89AD4-A9DE-4748-808B-46ADA4E8FB9B}.Release|Any CPU.ActiveCfg = Release|Any CPU
		{06B89AD4-A9DE-4748-808B-46ADA4E8FB9B}.Release|Any CPU.Build.0 = Release|Any CPU
		{12956979-4F96-4573-AB81-C5C0A7506946}.Debug|Any CPU.ActiveCfg = Debug|Any CPU
		{12956979-4F96-4573-AB81-C5C0A7506946}.Debug|Any CPU.Build.0 = Debug|Any CPU
		{12956979-4F96-4573-AB81-C5C0A7506946}.Release|Any CPU.ActiveCfg = Release|Any CPU
		{12956979-4F96-4573-AB81-C5C0A7506946}.Release|Any CPU.Build.0 = Release|Any CPU
	EndGlobalSection
	GlobalSection(SolutionProperties) = preSolution
		HideSolutionNode = FALSE
	EndGlobalSection
	GlobalSection(ExtensibilityGlobals) = postSolution
		SolutionGuid = {D043E194-7791-400F-AD7B-39059A16908F}
	EndGlobalSection
EndGlobal
